
Microsoft Visual Studio Solution File, Format Version 12.00
# Visual Studio 2013
VisualStudioVersion = 12.0.40629.0
MinimumVisualStudioVersion = 10.0.40219.1
Project("{8BC9CEB8-8B4A-11D0-8D11-00A0C91BC942}") = "GitVS2013", "GitVS2013\GitVS2013.vcxproj", "{DB52B1E8-1C03-411B-95A7-5CD59DA4C21C}"
EndProject
Global
	GlobalSection(SolutionConfigurationPlatforms) = preSolution
		Debug|Win32 = Debug|Win32
		Release|Win32 = Release|Win32
	EndGlobalSection
	GlobalSection(ProjectConfigurationPlatforms) = postSolution
		{DB52B1E8-1C03-411B-95A7-5CD59DA4C21C}.Debug|Win32.ActiveCfg = Debug|Win32
		{DB52B1E8-1C03-411B-95A7-5CD59DA4C21C}.Debug|Win32.Build.0 = Debug|Win32
		{DB52B1E8-1C03-411B-95A7-5CD59DA4C21C}.Release|Win32.ActiveCfg = Release|Win32
		{DB52B1E8-1C03-411B-95A7-5CD59DA4C21C}.Release|Win32.Build.0 = Release|Win32
	EndGlobalSection
	GlobalSection(SolutionProperties) = preSolution
		HideSolutionNode = FALSE
	EndGlobalSection
EndGlobal
